
Microsoft Visual Studio Solution File, Format Version 12.00
# Visual Studio 15
VisualStudioVersion = 15.0.28307.1082
MinimumVisualStudioVersion = 10.0.40219.1
Project("{FAE04EC0-301F-11D3-BF4B-00C04F79EFBC}") = "TheQueensRestaurantsCafe_", "TheQueensRestaurantsCafe_\TheQueensRestaurantsCafe_.csproj", "{5596DDF6-15AC-4154-9202-7C89F3F8594A}"
EndProject
Global
	GlobalSection(SolutionConfigurationPlatforms) = preSolution
		Debug|Any CPU = Debug|Any CPU
		Release|Any CPU = Release|Any CPU
	EndGlobalSection
	GlobalSection(ProjectConfigurationPlatforms) = postSolution
		{5596DDF6-15AC-4154-9202-7C89F3F8594A}.Debug|Any CPU.ActiveCfg = Debug|Any CPU
		{5596DDF6-15AC-4154-9202-7C89F3F8594A}.Debug|Any CPU.Build.0 = Debug|Any CPU
		{5596DDF6-15AC-4154-9202-7C89F3F8594A}.Release|Any CPU.ActiveCfg = Release|Any CPU
		{5596DDF6-15AC-4154-9202-7C89F3F8594A}.Release|Any CPU.Build.0 = Release|Any CPU
	EndGlobalSection
	GlobalSection(SolutionProperties) = preSolution
		HideSolutionNode = FALSE
	EndGlobalSection
	GlobalSection(ExtensibilityGlobals) = postSolution
		SolutionGuid = {C20816A2-A31C-40E5-B566-5AA9AC1B0119}
	EndGlobalSection
EndGlobal
